# This file is autogenerated, do not edit; changes may be undone by the next 'dep ensure'.


[[projects]]
  name = "github.com/caarlos0/env"
  packages = ["."]
  revision = "4bd75bf16b9ef8c1383109b5e4d931bd72c3b6d0"
  version = "v6.0.0"

[[projects]]
  name = "github.com/go-redis/redis"
  packages = [".","internal","internal/consistenthash","internal/hashtag","internal/pool","internal/proto","internal/util"]
  revision = "75795aa4236dc7341eefac3bbe945e68c99ef9df"
  version = "v6.15.3"

[[projects]]
  name = "github.com/gorilla/websocket"
  packages = ["."]
  revision = "66b9c49e59c6c48f0ffce28c2d8b8a5678502c6d"
  version = "v1.4.0"

[[projects]]
  name = "github.com/jinzhu/gorm"
  packages = ["."]
  revision = "836fb2c19d84dac7b0272958dfb9af7cf0d0ade4"
  version = "v1.9.10"

[[projects]]
  name = "github.com/jinzhu/inflection"
  packages = ["."]
  revision = "f5c5f50e6090ae76a29240b61ae2a90dd810112e"
  version = "v1.0.0"

[[projects]]
  name = "github.com/joho/godotenv"
  packages = ["."]
  revision = "23d116af351c84513e1946b527c88823e476be13"
  version = "v1.3.0"

[[projects]]
  branch = "master"
  name = "github.com/mailru/easyjson"
  packages = [".","buffer","jlexer","jwriter"]
  revision = "b2ccc519800e761ac8000b95e5d57c80a897ff9e"

[[projects]]
  name = "github.com/olivere/elastic"
  packages = ["config","uritemplates"]
  revision = "5062f56d636572a953ca37c3a359eaf0472473b6"
  version = "v7.0.4"

[[projects]]
  name = "github.com/pkg/errors"
  packages = ["."]
  revision = "ba968bfe8b2f7e042a574c888954fccecfa385b4"
  version = "v0.8.1"

[[projects]]
  branch = "master"
  name = "github.com/yasminromi/radix-hack"
  packages = ["handler","model","service"]
  revision = "213c3d9168a5ade81796759d2bab5f2d18a907ed"

[[projects]]
  name = "gopkg.in/olivere/elastic.v6"
  packages = ["."]
  revision = "2ce6dee3af14e17dc059746a1de4f983169030e9"
  version = "v6.2.21"

[solve-meta]
  analyzer-name = "dep"
  analyzer-version = 1
  inputs-digest = "55714684543c91b7d9dcc6bcd0e04f981ef9ea85e17f6e9bb535a3819b40365d"
  solver-name = "gps-cdcl"
  solver-version = 1
